{"1.1.0",
[{<<"amqp_client">>,{pkg,<<"amqp_client">>,<<"3.6.10">>},0},
 {<<"bear">>,{pkg,<<"bear">>,<<"0.8.3">>},2},
 {<<"edown">>,{pkg,<<"edown">>,<<"0.7.0">>},1},
 {<<"exometer_core">>,{pkg,<<"exometer_core">>,<<"1.4.0">>},0},
 {<<"folsom">>,{pkg,<<"folsom">>,<<"0.8.3">>},1},
 {<<"goldrush">>,{pkg,<<"goldrush">>,<<"0.1.9">>},1},
 {<<"gproc">>,{pkg,<<"gproc">>,<<"0.6.1">>},0},
 {<<"lager">>,{pkg,<<"lager">>,<<"3.5.1">>},0},
 {<<"parse_trans">>,{pkg,<<"parse_trans">>,<<"2.9.0">>},1},
 {<<"quickrand">>,{pkg,<<"quickrand">>,<<"1.7.1">>},1},
 {<<"rabbit_common">>,{pkg,<<"rabbit_common">>,<<"3.6.10">>},0},
 {<<"setup">>,{pkg,<<"setup">>,<<"1.7.0">>},1},
 {<<"uuid">>,{pkg,<<"uuid_erl">>,<<"1.7.1">>},0}]}.
[
{pkg_hash,[
 {<<"amqp_client">>, <<"F26FBACCA4E71F58EBA1A57746E5F10598550AA46E89BC67060DA6AD1A6D95D5">>},
 {<<"bear">>, <<"866002127A97932720A0D475D8582C98EC5FB78DB3A18DFE7EAF91594D9024B8">>},
 {<<"edown">>, <<"6803599606B10F8E328D6D60C44CD16244CD2429908894C415FCE4211C3BFEFD">>},
 {<<"exometer_core">>, <<"A546CCD38BE910DE6EA75EA95B724B6B2DB513C26F02E30919B25EB19651815A">>},
 {<<"folsom">>, <<"71CFF146152FA95E6092E62119F9DC96888660111E7B61853C8FDCF80598A4E0">>},
 {<<"goldrush">>, <<"F06E5D5F1277DA5C413E84D5A2924174182FB108DABB39D5EC548B27424CD106">>},
 {<<"gproc">>, <<"4579663E5677970758A05D8F65D13C3E9814EC707AD51D8DCEF7294EDA1A730C">>},
 {<<"lager">>, <<"63897A61AF646C59BB928FEE9756CE8BDD02D5A1A2F3551D4A5E38386C2CC071">>},
 {<<"parse_trans">>, <<"3F5F7B402928FB9FD200C891E635DE909045D1EFAC40CE3F924D3892898F85EB">>},
 {<<"quickrand">>, <<"B0C2A41D08C955F055C44BED357660DE443CD9068A33ABA530076910B7333659">>},
 {<<"rabbit_common">>, <<"2217845381350258C5714C22905EC197AF0C4DD38EB3B6A5DDBF55C5BD93F127">>},
 {<<"setup">>, <<"15DF8E57C6DF9755E22BFB1AEF0C640BD97E9889396FDFB2A85A5536A9043674">>},
 {<<"uuid">>, <<"252D12D1154BC75C40BC03E2E67714BD843DDFAD40FD3BC1541F65F622C9E7FC">>}]}
].
