{"1.1.0",
[{<<"amqp_client">>,{pkg,<<"amqp_client">>,<<"3.11.13">>},0},
 {<<"bear">>,{pkg,<<"bear">>,<<"1.0.0">>},2},
 {<<"credentials_obfuscation">>,
  {pkg,<<"credentials_obfuscation">>,<<"3.2.0">>},
  2},
 {<<"exometer_core">>,{pkg,<<"exometer_core">>,<<"1.6.2">>},0},
 {<<"folsom">>,{pkg,<<"folsom">>,<<"1.0.0">>},1},
 {<<"gproc">>,{pkg,<<"gproc">>,<<"0.9.0">>},0},
 {<<"hut">>,{pkg,<<"hut">>,<<"1.3.0">>},1},
 {<<"parse_trans">>,{pkg,<<"parse_trans">>,<<"3.4.1">>},1},
 {<<"quickrand">>,{pkg,<<"quickrand">>,<<"2.0.5">>},1},
 {<<"rabbit_common">>,{pkg,<<"rabbit_common">>,<<"3.11.13">>},1},
 {<<"recon">>,{pkg,<<"recon">>,<<"2.5.3">>},2},
 {<<"setup">>,{pkg,<<"setup">>,<<"2.1.0">>},1},
 {<<"thoas">>,{pkg,<<"thoas">>,<<"1.0.0">>},2},
 {<<"uuid">>,{pkg,<<"uuid_erl">>,<<"2.0.5">>},0}]}.
[
{pkg_hash,[
 {<<"amqp_client">>, <<"DDCF0859E80E56081B2436DE0906D13FA616E62775A32422F34E0EFAEBEC0011">>},
 {<<"bear">>, <<"430419C1126B477686CDE843E88BA0F2C7DC5CDF0881C677500074F704339A99">>},
 {<<"credentials_obfuscation">>, <<"BECF48ED7C96938600F88F486031BCBF9B9C4E3353CC314CA131C347C4C7815C">>},
 {<<"exometer_core">>, <<"E480FBD9CF3BECFCA15805BDD42C39CD855CF701C2F0204BAD9C096C74FDCAA8">>},
 {<<"folsom">>, <<"50ECC998D2149939F1D5E0AA3E32788F8ED16A58E390D81B5C0BE4CC4EF25589">>},
 {<<"gproc">>, <<"853CCB7805E9ADA25D227A157BA966F7B34508F386A3E7E21992B1B484230699">>},
 {<<"hut">>, <<"71F2F054E657C03F959CF1ACC43F436EA87580696528CA2A55C8AFB1B06C85E7">>},
 {<<"parse_trans">>, <<"6E6AA8167CB44CC8F39441D05193BE6E6F4E7C2946CB2759F015F8C56B76E5FF">>},
 {<<"quickrand">>, <<"06FCAD85CB47D5C85C51D6BC9C84A082501BA098A89D64AD0A2F69599E034C04">>},
 {<<"rabbit_common">>, <<"9797373B8CECB53D762EDA729BAD974D2A5952C8BB498D33E64790F2D42F9A16">>},
 {<<"recon">>, <<"739107B9050EA683C30E96DE050BC59248FD27EC147696F79A8797FF9FA17153">>},
 {<<"setup">>, <<"05F69185A5EB71474C9BC6BA892565651EC7507791F85632B7B914DBFE130510">>},
 {<<"thoas">>, <<"567C03902920827A18A89F05B79A37B5BF93553154B883E0131801600CF02CE0">>},
 {<<"uuid">>, <<"60FAEEB7EDFD40847ED13CB0DD1044BAABE4E79A00C0CA9C4D13A073914B1016">>}]}
].
