[{<<"amqp_client">>,{pkg,<<"amqp_client">>,<<"3.5.0">>},0},
 {<<"rabbit_common">>,{pkg,<<"rabbit_common">>,<<"3.5.0">>},1},
 {<<"bear">>,
  {git,"https://github.com/boundary/bear.git",
       {ref,"119234548783af19b8ec75c879c5062676b92571"}},
  2},
 {<<"setup">>,
  {git,"https://github.com/uwiger/setup.git",
       {ref,"51ee7c9f64d2bbe9dcbb58c278e8fbfd4d0ca5e2"}},
  1},
 {<<"quickrand">>,
  {git,"https://github.com/okeuday/quickrand.git",
       {ref,"49aa03828233b2fec398ea4244a568aeac827dd8"}},
  1},
 {<<"parse_trans">>,
  {git,"https://github.com/uwiger/parse_trans.git",
       {ref,"82cc00264aa1bad8fc5c0739b7541feb4a843432"}},
  1},
 {<<"goldrush">>,
  {git,"git://github.com/DeadZen/goldrush.git",
       {ref,"71e63212f12c25827e0c1b4198d37d5d018a7fec"}},
  1},
 {<<"folsom">>,
  {git,"https://github.com/boundary/folsom.git",
       {ref,"38e2cce7c64ce1f0a3a918d90394cfc0a940b1ba"}},
  1},
 {<<"uuid">>,
  {git,"https://github.com/okeuday/uuid",
       {ref,"6bc38507460c821321d66504d3f8d6c1cdb57d98"}},
  0},
 {<<"msgpack">>,
  {git,"https://github.com/msgpack/msgpack-erlang",
       {ref,"e84e60dbfff3472f93205415b63e4787bc293d3e"}},
  0},
 {<<"lager">>,
  {git,"https://github.com/shopguncom/lager",
       {ref,"d33ccf3b69de09a628fe38b4d7981bb8671b8a4f"}},
  0},
 {<<"gproc">>,
  {git,"https://github.com/uwiger/gproc",
       {ref,"2b1b9ac870416469097af695de413afd5e78f66c"}},
  0},
 {<<"exometer_core">>,
  {git,"https://github.com/Feuerlabs/exometer_core.git",
       {ref,"88588f26f226210a1fc9e70271d8a0611ba83d30"}},
  0}].
